
Microsoft Visual Studio Solution File, Format Version 12.00
# Visual Studio for Mac
Project("{FAE04EC0-301F-11D3-BF4B-00C04F79EFBC}") = "Assembly-CSharp", "Assembly-CSharp.csproj", "{F3C30FFD-B028-FE6F-0054-27C06D067FC1}"
EndProject
Project("{FAE04EC0-301F-11D3-BF4B-00C04F79EFBC}") = "Assembly-CSharp-Editor", "Assembly-CSharp-Editor.csproj", "{3ECE43FF-AECE-5295-0BBF-198F48E23ADA}"
EndProject
Global
	GlobalSection(SolutionConfigurationPlatforms) = preSolution
		Debug|Any CPU = Debug|Any CPU
		Release|Any CPU = Release|Any CPU
	EndGlobalSection
	GlobalSection(ProjectConfigurationPlatforms) = postSolution
		{F3C30FFD-B028-FE6F-0054-27C06D067FC1}.Debug|Any CPU.ActiveCfg = Debug|Any CPU
		{F3C30FFD-B028-FE6F-0054-27C06D067FC1}.Debug|Any CPU.Build.0 = Debug|Any CPU
		{F3C30FFD-B028-FE6F-0054-27C06D067FC1}.Release|Any CPU.ActiveCfg = Release|Any CPU
		{F3C30FFD-B028-FE6F-0054-27C06D067FC1}.Release|Any CPU.Build.0 = Release|Any CPU
		{3ECE43FF-AECE-5295-0BBF-198F48E23ADA}.Debug|Any CPU.ActiveCfg = Debug|Any CPU
		{3ECE43FF-AECE-5295-0BBF-198F48E23ADA}.Debug|Any CPU.Build.0 = Debug|Any CPU
		{3ECE43FF-AECE-5295-0BBF-198F48E23ADA}.Release|Any CPU.ActiveCfg = Release|Any CPU
		{3ECE43FF-AECE-5295-0BBF-198F48E23ADA}.Release|Any CPU.Build.0 = Release|Any CPU
	EndGlobalSection
	GlobalSection(SolutionProperties) = preSolution
		HideSolutionNode = FALSE
	EndGlobalSection
EndGlobal
